# This file is automatically @generated by Cargo.
# It is not intended for manual editing.
version = 4

[[package]]
name = "adler2"
version = "2.0.1"
source = "registry+https://github.com/rust-lang/crates.io-index"
checksum = "320119579fcad9c21884f5c4861d16174d0e06250625266f50fe6898340abefa"

[[package]]
name = "atty"
version = "0.2.14"
source = "registry+https://github.com/rust-lang/crates.io-index"
checksum = "d9b39be18770d11421cdb1b9947a45dd3f37e93092cbf377614828a319d5fee8"
dependencies = [
 "hermit-abi",
 "libc",
 "winapi",
]

[[package]]
name = "autocfg"
version = "1.5.0"
source = "registry+https://github.com/rust-lang/crates.io-index"
checksum = "c08606f8c3cbf4ce6ec8e28fb0014a2c086708fe954eaa885384a6165172e7e8"

[[package]]
name = "bitflags"
version = "1.3.2"
source = "registry+https://github.com/rust-lang/crates.io-index"
checksum = "bef38d45163c2f1dde094a7dfd33ccf595c92905c8f8f4fdc18d06fb1037718a"

[[package]]
name = "buffer-redux"
version = "1.0.2"
source = "registry+https://github.com/rust-lang/crates.io-index"
checksum = "4e8acf87c5b9f5897cd3ebb9a327f420e0cae9dd4e5c1d2e36f2c84c571a58f1"
dependencies = [
 "memchr",
]

[[package]]
name = "bytecount"
version = "0.6.9"
source = "registry+https://github.com/rust-lang/crates.io-index"
checksum = "175812e0be2bccb6abe50bb8d566126198344f707e304f45c648fd8f2cc0365e"

[[package]]
name = "bzip2"
version = "0.4.4"
source = "registry+https://github.com/rust-lang/crates.io-index"
checksum = "bdb116a6ef3f6c3698828873ad02c3014b3c85cadb88496095628e3ef1e347f8"
dependencies = [
 "bzip2-sys",
 "libc",
]

[[package]]
name = "bzip2-sys"
version = "0.1.13+1.0.8"
source = "registry+https://github.com/rust-lang/crates.io-index"
checksum = "225bff33b2141874fe80d71e07d6eec4f85c5c216453dd96388240f96e1acc14"
dependencies = [
 "cc",
 "pkg-config",
]

[[package]]
name = "cc"
version = "1.2.40"
source = "registry+https://github.com/rust-lang/crates.io-index"
checksum = "e1d05d92f4b1fd76aad469d46cdd858ca761576082cd37df81416691e50199fb"
dependencies = [
 "find-msvc-tools",
 "shlex",
]

[[package]]
name = "cfg-if"
version = "1.0.3"
source = "registry+https://github.com/rust-lang/crates.io-index"
checksum = "2fd1289c04a9ea8cb22300a459a72a385d7c73d3259e2ed7dcb2af674838cfa9"

[[package]]
name = "clap"
version = "3.2.25"
source = "registry+https://github.com/rust-lang/crates.io-index"
checksum = "4ea181bf566f71cb9a5d17a59e1871af638180a18fb0035c92ae62b705207123"
dependencies = [
 "atty",
 "bitflags",
 "clap_derive",
 "clap_lex",
 "indexmap",
 "once_cell",
 "strsim",
 "termcolor",
 "textwrap",
]

[[package]]
name = "clap_derive"
version = "3.2.25"
source = "registry+https://github.com/rust-lang/crates.io-index"
checksum = "ae6371b8bdc8b7d3959e9cf7b22d4435ef3e79e138688421ec654acf8c81b008"
dependencies = [
 "heck",
 "proc-macro-error",
 "proc-macro2",
 "quote",
 "syn",
]

[[package]]
name = "clap_lex"
version = "0.2.4"
source = "registry+https://github.com/rust-lang/crates.io-index"
checksum = "2850f2f5a82cbf437dd5af4d49848fbdfc27c157c3d010345776f952765261c5"
dependencies = [
 "os_str_bytes",
]

[[package]]
name = "crc32fast"
version = "1.5.0"
source = "registry+https://github.com/rust-lang/crates.io-index"
checksum = "9481c1c90cbf2ac953f07c8d4a58aa3945c425b7185c9154d67a65e4230da511"
dependencies = [
 "cfg-if",
]

[[package]]
name = "find-msvc-tools"
version = "0.1.3"
source = "registry+https://github.com/rust-lang/crates.io-index"
checksum = "0399f9d26e5191ce32c498bebd31e7a3ceabc2745f0ac54af3f335126c3f24b3"

[[package]]
name = "flate2"
version = "1.1.4"
source = "registry+https://github.com/rust-lang/crates.io-index"
checksum = "dc5a4e564e38c699f2880d3fda590bedc2e69f3f84cd48b457bd892ce61d0aa9"
dependencies = [
 "crc32fast",
 "miniz_oxide",
]

[[package]]
name = "glob"
version = "0.3.3"
source = "registry+https://github.com/rust-lang/crates.io-index"
checksum = "0cc23270f6e1808e30a928bdc84dea0b9b4136a8bc82338574f23baf47bbd280"

[[package]]
name = "hashbrown"
version = "0.12.3"
source = "registry+https://github.com/rust-lang/crates.io-index"
checksum = "8a9ee70c43aaf417c914396645a0fa852624801b24ebb7ae78fe8272889ac888"

[[package]]
name = "heck"
version = "0.4.1"
source = "registry+https://github.com/rust-lang/crates.io-index"
checksum = "95505c38b4572b2d910cecb0281560f54b440a19336cbbcb27bf6ce6adc6f5a8"

[[package]]
name = "hermit-abi"
version = "0.1.19"
source = "registry+https://github.com/rust-lang/crates.io-index"
checksum = "62b467343b94ba476dcb2500d242dadbb39557df889310ac77c5d99100aaac33"
dependencies = [
 "libc",
]

[[package]]
name = "indexmap"
version = "1.9.3"
source = "registry+https://github.com/rust-lang/crates.io-index"
checksum = "bd070e393353796e801d209ad339e89596eb4c8d430d18ede6a1cced8fafbd99"
dependencies = [
 "autocfg",
 "hashbrown",
]

[[package]]
name = "kvmer"
version = "0.1.0"
dependencies = [
 "clap",
 "glob",
 "log",
 "needletail",
]

[[package]]
name = "libc"
version = "0.2.176"
source = "registry+https://github.com/rust-lang/crates.io-index"
checksum = "58f929b4d672ea937a23a1ab494143d968337a5f47e56d0815df1e0890ddf174"

[[package]]
name = "log"
version = "0.4.28"
source = "registry+https://github.com/rust-lang/crates.io-index"
checksum = "34080505efa8e45a4b816c349525ebe327ceaa8559756f0356cba97ef3bf7432"

[[package]]
name = "lzma-sys"
version = "0.1.20"
source = "registry+https://github.com/rust-lang/crates.io-index"
checksum = "5fda04ab3764e6cde78b9974eec4f779acaba7c4e84b36eca3cf77c581b85d27"
dependencies = [
 "cc",
 "libc",
 "pkg-config",
]

[[package]]
name = "memchr"
version = "2.7.6"
source = "registry+https://github.com/rust-lang/crates.io-index"
checksum = "f52b00d39961fc5b2736ea853c9cc86238e165017a493d1d5c8eac6bdc4cc273"

[[package]]
name = "miniz_oxide"
version = "0.8.9"
source = "registry+https://github.com/rust-lang/crates.io-index"
checksum = "1fa76a2c86f704bdb222d66965fb3d63269ce38518b83cb0575fca855ebb6316"
dependencies = [
 "adler2",
 "simd-adler32",
]

[[package]]
name = "needletail"
version = "0.5.1"
source = "registry+https://github.com/rust-lang/crates.io-index"
checksum = "db05a5ab397f64070d8c998fa0fbb84e484b81f95752af317dac183a82d9295d"
dependencies = [
 "buffer-redux",
 "bytecount",
 "bzip2",
 "flate2",
 "memchr",
 "xz2",
]

[[package]]
name = "once_cell"
version = "1.21.3"
source = "registry+https://github.com/rust-lang/crates.io-index"
checksum = "42f5e15c9953c5e4ccceeb2e7382a716482c34515315f7b03532b8b4e8393d2d"

[[package]]
name = "os_str_bytes"
version = "6.6.1"
source = "registry+https://github.com/rust-lang/crates.io-index"
checksum = "e2355d85b9a3786f481747ced0e0ff2ba35213a1f9bd406ed906554d7af805a1"

[[package]]
name = "pkg-config"
version = "0.3.32"
source = "registry+https://github.com/rust-lang/crates.io-index"
checksum = "7edddbd0b52d732b21ad9a5fab5c704c14cd949e5e9a1ec5929a24fded1b904c"

[[package]]
name = "proc-macro-error"
version = "1.0.4"
source = "registry+https://github.com/rust-lang/crates.io-index"
checksum = "da25490ff9892aab3fcf7c36f08cfb902dd3e71ca0f9f9517bea02a73a5ce38c"
dependencies = [
 "proc-macro-error-attr",
 "proc-macro2",
 "quote",
 "syn",
 "version_check",
]

[[package]]
name = "proc-macro-error-attr"
version = "1.0.4"
source = "registry+https://github.com/rust-lang/crates.io-index"
checksum = "a1be40180e52ecc98ad80b184934baf3d0d29f979574e439af5a55274b35f869"
dependencies = [
 "proc-macro2",
 "quote",
 "version_check",
]

[[package]]
name = "proc-macro2"
version = "1.0.101"
source = "registry+https://github.com/rust-lang/crates.io-index"
checksum = "89ae43fd86e4158d6db51ad8e2b80f313af9cc74f5c0e03ccb87de09998732de"
dependencies = [
 "unicode-ident",
]

[[package]]
name = "quote"
version = "1.0.41"
source = "registry+https://github.com/rust-lang/crates.io-index"
checksum = "ce25767e7b499d1b604768e7cde645d14cc8584231ea6b295e9c9eb22c02e1d1"
dependencies = [
 "proc-macro2",
]

[[package]]
name = "shlex"
version = "1.3.0"
source = "registry+https://github.com/rust-lang/crates.io-index"
checksum = "0fda2ff0d084019ba4d7c6f371c95d8fd75ce3524c3cb8fb653a3023f6323e64"

[[package]]
name = "simd-adler32"
version = "0.3.7"
source = "registry+https://github.com/rust-lang/crates.io-index"
checksum = "d66dc143e6b11c1eddc06d5c423cfc97062865baf299914ab64caa38182078fe"

[[package]]
name = "strsim"
version = "0.10.0"
source = "registry+https://github.com/rust-lang/crates.io-index"
checksum = "73473c0e59e6d5812c5dfe2a064a6444949f089e20eec9a2e5506596494e4623"

[[package]]
name = "syn"
version = "1.0.109"
source = "registry+https://github.com/rust-lang/crates.io-index"
checksum = "72b64191b275b66ffe2469e8af2c1cfe3bafa67b529ead792a6d0160888b4237"
dependencies = [
 "proc-macro2",
 "quote",
 "unicode-ident",
]

[[package]]
name = "termcolor"
version = "1.4.1"
source = "registry+https://github.com/rust-lang/crates.io-index"
checksum = "06794f8f6c5c898b3275aebefa6b8a1cb24cd2c6c79397ab15774837a0bc5755"
dependencies = [
 "winapi-util",
]

[[package]]
name = "textwrap"
version = "0.16.2"
source = "registry+https://github.com/rust-lang/crates.io-index"
checksum = "c13547615a44dc9c452a8a534638acdf07120d4b6847c8178705da06306a3057"

[[package]]
name = "unicode-ident"
version = "1.0.19"
source = "registry+https://github.com/rust-lang/crates.io-index"
checksum = "f63a545481291138910575129486daeaf8ac54aee4387fe7906919f7830c7d9d"

[[package]]
name = "version_check"
version = "0.9.5"
source = "registry+https://github.com/rust-lang/crates.io-index"
checksum = "0b928f33d975fc6ad9f86c8f283853ad26bdd5b10b7f1542aa2fa15e2289105a"

[[package]]
name = "winapi"
version = "0.3.9"
source = "registry+https://github.com/rust-lang/crates.io-index"
checksum = "5c839a674fcd7a98952e593242ea400abe93992746761e38641405d28b00f419"
dependencies = [
 "winapi-i686-pc-windows-gnu",
 "winapi-x86_64-pc-windows-gnu",
]

[[package]]
name = "winapi-i686-pc-windows-gnu"
version = "0.4.0"
source = "registry+https://github.com/rust-lang/crates.io-index"
checksum = "ac3b87c63620426dd9b991e5ce0329eff545bccbbb34f3be09ff6fb6ab51b7b6"

[[package]]
name = "winapi-util"
version = "0.1.11"
source = "registry+https://github.com/rust-lang/crates.io-index"
checksum = "c2a7b1c03c876122aa43f3020e6c3c3ee5c05081c9a00739faf7503aeba10d22"
dependencies = [
 "windows-sys",
]

[[package]]
name = "winapi-x86_64-pc-windows-gnu"
version = "0.4.0"
source = "registry+https://github.com/rust-lang/crates.io-index"
checksum = "712e227841d057c1ee1cd2fb22fa7e5a5461ae8e48fa2ca79ec42cfc1931183f"

[[package]]
name = "windows-link"
version = "0.2.1"
source = "registry+https://github.com/rust-lang/crates.io-index"
checksum = "f0805222e57f7521d6a62e36fa9163bc891acd422f971defe97d64e70d0a4fe5"

[[package]]
name = "windows-sys"
version = "0.60.2"
source = "registry+https://github.com/rust-lang/crates.io-index"
checksum = "f2f500e4d28234f72040990ec9d39e3a6b950f9f22d3dba18416c35882612bcb"
dependencies = [
 "windows-targets",
]

[[package]]
name = "windows-targets"
version = "0.53.5"
source = "registry+https://github.com/rust-lang/crates.io-index"
checksum = "4945f9f551b88e0d65f3db0bc25c33b8acea4d9e41163edf90dcd0b19f9069f3"
dependencies = [
 "windows-link",
 "windows_aarch64_gnullvm",
 "windows_aarch64_msvc",
 "windows_i686_gnu",
 "windows_i686_gnullvm",
 "windows_i686_msvc",
 "windows_x86_64_gnu",
 "windows_x86_64_gnullvm",
 "windows_x86_64_msvc",
]

[[package]]
name = "windows_aarch64_gnullvm"
version = "0.53.1"
source = "registry+https://github.com/rust-lang/crates.io-index"
checksum = "a9d8416fa8b42f5c947f8482c43e7d89e73a173cead56d044f6a56104a6d1b53"

[[package]]
name = "windows_aarch64_msvc"
version = "0.53.1"
source = "registry+https://github.com/rust-lang/crates.io-index"
checksum = "b9d782e804c2f632e395708e99a94275910eb9100b2114651e04744e9b125006"

[[package]]
name = "windows_i686_gnu"
version = "0.53.1"
source = "registry+https://github.com/rust-lang/crates.io-index"
checksum = "960e6da069d81e09becb0ca57a65220ddff016ff2d6af6a223cf372a506593a3"

[[package]]
name = "windows_i686_gnullvm"
version = "0.53.1"
source = "registry+https://github.com/rust-lang/crates.io-index"
checksum = "fa7359d10048f68ab8b09fa71c3daccfb0e9b559aed648a8f95469c27057180c"

[[package]]
name = "windows_i686_msvc"
version = "0.53.1"
source = "registry+https://github.com/rust-lang/crates.io-index"
checksum = "1e7ac75179f18232fe9c285163565a57ef8d3c89254a30685b57d83a38d326c2"

[[package]]
name = "windows_x86_64_gnu"
version = "0.53.1"
source = "registry+https://github.com/rust-lang/crates.io-index"
checksum = "9c3842cdd74a865a8066ab39c8a7a473c0778a3f29370b5fd6b4b9aa7df4a499"

[[package]]
name = "windows_x86_64_gnullvm"
version = "0.53.1"
source = "registry+https://github.com/rust-lang/crates.io-index"
checksum = "0ffa179e2d07eee8ad8f57493436566c7cc30ac536a3379fdf008f47f6bb7ae1"

[[package]]
name = "windows_x86_64_msvc"
version = "0.53.1"
source = "registry+https://github.com/rust-lang/crates.io-index"
checksum = "d6bbff5f0aada427a1e5a6da5f1f98158182f26556f345ac9e04d36d0ebed650"

[[package]]
name = "xz2"
version = "0.1.7"
source = "registry+https://github.com/rust-lang/crates.io-index"
checksum = "388c44dc09d76f1536602ead6d325eb532f5c122f17782bd57fb47baeeb767e2"
dependencies = [
 "lzma-sys",
]
